
Microsoft Visual Studio Solution File, Format Version 12.00
# Visual Studio Version 17
VisualStudioVersion = 17.1.32328.378
MinimumVisualStudioVersion = 10.0.40219.1
Project("{9A19103F-16F7-4668-BE54-9A1E7A4F7556}") = "PlumbingShopContracts", "PlumbingShopContracts\PlumbingShopContracts.csproj", "{9C512E9A-5B54-44B6-B36D-106464C3B98D}"
EndProject
Project("{9A19103F-16F7-4668-BE54-9A1E7A4F7556}") = "PlumbingShopBusinessLogic", "PlumbingShopBusinessLogic\PlumbingShopBusinessLogic.csproj", "{223C541C-8A32-484E-9D45-3942456A248F}"
EndProject
Project("{9A19103F-16F7-4668-BE54-9A1E7A4F7556}") = "PlumbingShopListImplement", "PlumbingShopListImplement\PlumbingShopListImplement.csproj", "{9050FE7E-1A9C-4176-AE6C-02551D865E4F}"
EndProject
Project("{9A19103F-16F7-4668-BE54-9A1E7A4F7556}") = "PlumbingShopView", "PlumbingShopView\PlumbingShopView.csproj", "{98B2CD5E-4BEA-40A8-B419-9FE068D89826}"
EndProject
Project("{9A19103F-16F7-4668-BE54-9A1E7A4F7556}") = "PlumbingShopFileImplement", "PlumbingShopFileImplement\PlumbingShopFileImplement.csproj", "{0887A452-EA82-42BC-B640-3205515CD8DF}"
EndProject
Project("{FAE04EC0-301F-11D3-BF4B-00C04F79EFBC}") = "PlumbingShopDatabaseImplement", "PlumbingShopDatabaseImplement\PlumbingShopDatabaseImplement.csproj", "{00600F5B-6A61-4BBA-8224-6D92F8376C1C}"
EndProject
Global
	GlobalSection(SolutionConfigurationPlatforms) = preSolution
		Debug|Any CPU = Debug|Any CPU
		Release|Any CPU = Release|Any CPU
	EndGlobalSection
	GlobalSection(ProjectConfigurationPlatforms) = postSolution
		{9C512E9A-5B54-44B6-B36D-106464C3B98D}.Debug|Any CPU.ActiveCfg = Debug|Any CPU
		{9C512E9A-5B54-44B6-B36D-106464C3B98D}.Debug|Any CPU.Build.0 = Debug|Any CPU
		{9C512E9A-5B54-44B6-B36D-106464C3B98D}.Release|Any CPU.ActiveCfg = Release|Any CPU
		{9C512E9A-5B54-44B6-B36D-106464C3B98D}.Release|Any CPU.Build.0 = Release|Any CPU
		{223C541C-8A32-484E-9D45-3942456A248F}.Debug|Any CPU.ActiveCfg = Debug|Any CPU
		{223C541C-8A32-484E-9D45-3942456A248F}.Debug|Any CPU.Build.0 = Debug|Any CPU
		{223C541C-8A32-484E-9D45-3942456A248F}.Release|Any CPU.ActiveCfg = Release|Any CPU
		{223C541C-8A32-484E-9D45-3942456A248F}.Release|Any CPU.Build.0 = Release|Any CPU
		{9050FE7E-1A9C-4176-AE6C-02551D865E4F}.Debug|Any CPU.ActiveCfg = Debug|Any CPU
		{9050FE7E-1A9C-4176-AE6C-02551D865E4F}.Debug|Any CPU.Build.0 = Debug|Any CPU
		{9050FE7E-1A9C-4176-AE6C-02551D865E4F}.Release|Any CPU.ActiveCfg = Release|Any CPU
		{9050FE7E-1A9C-4176-AE6C-02551D865E4F}.Release|Any CPU.Build.0 = Release|Any CPU
		{98B2CD5E-4BEA-40A8-B419-9FE068D89826}.Debug|Any CPU.ActiveCfg = Debug|Any CPU
		{98B2CD5E-4BEA-40A8-B419-9FE068D89826}.Debug|Any CPU.Build.0 = Debug|Any CPU
		{98B2CD5E-4BEA-40A8-B419-9FE068D89826}.Release|Any CPU.ActiveCfg = Release|Any CPU
		{98B2CD5E-4BEA-40A8-B419-9FE068D89826}.Release|Any CPU.Build.0 = Release|Any CPU
		{0887A452-EA82-42BC-B640-3205515CD8DF}.Debug|Any CPU.ActiveCfg = Debug|Any CPU
		{0887A452-EA82-42BC-B640-3205515CD8DF}.Debug|Any CPU.Build.0 = Debug|Any CPU
		{0887A452-EA82-42BC-B640-3205515CD8DF}.Release|Any CPU.ActiveCfg = Release|Any CPU
		{0887A452-EA82-42BC-B640-3205515CD8DF}.Release|Any CPU.Build.0 = Release|Any CPU
		{00600F5B-6A61-4BBA-8224-6D92F8376C1C}.Debug|Any CPU.ActiveCfg = Debug|Any CPU
		{00600F5B-6A61-4BBA-8224-6D92F8376C1C}.Debug|Any CPU.Build.0 = Debug|Any CPU
		{00600F5B-6A61-4BBA-8224-6D92F8376C1C}.Release|Any CPU.ActiveCfg = Release|Any CPU
		{00600F5B-6A61-4BBA-8224-6D92F8376C1C}.Release|Any CPU.Build.0 = Release|Any CPU
	EndGlobalSection
	GlobalSection(SolutionProperties) = preSolution
		HideSolutionNode = FALSE
	EndGlobalSection
	GlobalSection(ExtensibilityGlobals) = postSolution
		SolutionGuid = {2AC24CEF-E612-4FBB-ADAF-3A2916F0CB86}
	EndGlobalSection
EndGlobal
